
Microsoft Visual Studio Solution File, Format Version 12.00
# Visual Studio 2012
Project("{FAE04EC0-301F-11D3-BF4B-00C04F79EFBC}") = "Table_Football", "Table_Football\Table_Football\Table_Football.csproj", "{8E0E8E10-9263-47FA-A796-E0341558FB73}"
EndProject
Project("{FAE04EC0-301F-11D3-BF4B-00C04F79EFBC}") = "Table_FootballLib", "Table_Football\Table_FootballLib\Table_FootballLib.csproj", "{34A7CC71-FBA5-4A07-A5BF-39C28FAF4591}"
EndProject
Project("{96E2B04D-8817-42C6-938A-82C39BA4D311}") = "Table_FootballLibContent", "Table_Football\Table_FootballLibContent\Table_FootballLibContent.contentproj", "{5D81C525-7494-4DE5-8088-0F21AD519DDD}"
EndProject
Global
	GlobalSection(SolutionConfigurationPlatforms) = preSolution
		Debug|Any CPU = Debug|Any CPU
		Debug|Mixed Platforms = Debug|Mixed Platforms
		Debug|Windows Phone = Debug|Windows Phone
		Release|Any CPU = Release|Any CPU
		Release|Mixed Platforms = Release|Mixed Platforms
		Release|Windows Phone = Release|Windows Phone
	EndGlobalSection
	GlobalSection(ProjectConfigurationPlatforms) = postSolution
		{8E0E8E10-9263-47FA-A796-E0341558FB73}.Debug|Any CPU.ActiveCfg = Debug|Any CPU
		{8E0E8E10-9263-47FA-A796-E0341558FB73}.Debug|Any CPU.Build.0 = Debug|Any CPU
		{8E0E8E10-9263-47FA-A796-E0341558FB73}.Debug|Any CPU.Deploy.0 = Debug|Any CPU
		{8E0E8E10-9263-47FA-A796-E0341558FB73}.Debug|Mixed Platforms.ActiveCfg = Debug|Any CPU
		{8E0E8E10-9263-47FA-A796-E0341558FB73}.Debug|Mixed Platforms.Build.0 = Debug|Any CPU
		{8E0E8E10-9263-47FA-A796-E0341558FB73}.Debug|Mixed Platforms.Deploy.0 = Debug|Any CPU
		{8E0E8E10-9263-47FA-A796-E0341558FB73}.Debug|Windows Phone.ActiveCfg = Debug|Any CPU
		{8E0E8E10-9263-47FA-A796-E0341558FB73}.Release|Any CPU.ActiveCfg = Release|Any CPU
		{8E0E8E10-9263-47FA-A796-E0341558FB73}.Release|Any CPU.Build.0 = Release|Any CPU
		{8E0E8E10-9263-47FA-A796-E0341558FB73}.Release|Any CPU.Deploy.0 = Release|Any CPU
		{8E0E8E10-9263-47FA-A796-E0341558FB73}.Release|Mixed Platforms.ActiveCfg = Release|Any CPU
		{8E0E8E10-9263-47FA-A796-E0341558FB73}.Release|Mixed Platforms.Build.0 = Release|Any CPU
		{8E0E8E10-9263-47FA-A796-E0341558FB73}.Release|Mixed Platforms.Deploy.0 = Release|Any CPU
		{8E0E8E10-9263-47FA-A796-E0341558FB73}.Release|Windows Phone.ActiveCfg = Release|Any CPU
		{34A7CC71-FBA5-4A07-A5BF-39C28FAF4591}.Debug|Any CPU.ActiveCfg = Debug|Windows Phone
		{34A7CC71-FBA5-4A07-A5BF-39C28FAF4591}.Debug|Mixed Platforms.ActiveCfg = Debug|Windows Phone
		{34A7CC71-FBA5-4A07-A5BF-39C28FAF4591}.Debug|Mixed Platforms.Build.0 = Debug|Windows Phone
		{34A7CC71-FBA5-4A07-A5BF-39C28FAF4591}.Debug|Windows Phone.ActiveCfg = Debug|Windows Phone
		{34A7CC71-FBA5-4A07-A5BF-39C28FAF4591}.Debug|Windows Phone.Build.0 = Debug|Windows Phone
		{34A7CC71-FBA5-4A07-A5BF-39C28FAF4591}.Release|Any CPU.ActiveCfg = Release|Windows Phone
		{34A7CC71-FBA5-4A07-A5BF-39C28FAF4591}.Release|Mixed Platforms.ActiveCfg = Release|Windows Phone
		{34A7CC71-FBA5-4A07-A5BF-39C28FAF4591}.Release|Mixed Platforms.Build.0 = Release|Windows Phone
		{34A7CC71-FBA5-4A07-A5BF-39C28FAF4591}.Release|Windows Phone.ActiveCfg = Release|Windows Phone
		{34A7CC71-FBA5-4A07-A5BF-39C28FAF4591}.Release|Windows Phone.Build.0 = Release|Windows Phone
		{5D81C525-7494-4DE5-8088-0F21AD519DDD}.Debug|Any CPU.ActiveCfg = Debug|Any CPU
		{5D81C525-7494-4DE5-8088-0F21AD519DDD}.Debug|Mixed Platforms.ActiveCfg = Debug|Any CPU
		{5D81C525-7494-4DE5-8088-0F21AD519DDD}.Debug|Windows Phone.ActiveCfg = Debug|Any CPU
		{5D81C525-7494-4DE5-8088-0F21AD519DDD}.Release|Any CPU.ActiveCfg = Debug|Any CPU
		{5D81C525-7494-4DE5-8088-0F21AD519DDD}.Release|Mixed Platforms.ActiveCfg = Debug|Any CPU
		{5D81C525-7494-4DE5-8088-0F21AD519DDD}.Release|Windows Phone.ActiveCfg = Debug|Any CPU
	EndGlobalSection
	GlobalSection(SolutionProperties) = preSolution
		HideSolutionNode = FALSE
	EndGlobalSection
EndGlobal
